{
  "requires": true,
  "lockfileVersion": 1,
  "dependencies": {
    "@react-leaflet/core": {
      "version": "1.1.0",
      "resolved": "https://registry.npmjs.org/@react-leaflet/core/-/core-1.1.0.tgz",
      "integrity": "sha512-zFxMHgfjCi7khRVB7o7H8NoJl36NaezvfcaeEurVXx22lAGHFlTHiSuLOGA4tOiHj+Ep+Lo3uwUGJ3YM9BGkHg=="
    },
    "leaflet": {
      "version": "1.7.1",
      "resolved": "https://registry.npmjs.org/leaflet/-/leaflet-1.7.1.tgz",
      "integrity": "sha512-/xwPEBidtg69Q3HlqPdU3DnrXQOvQU/CCHA1tcDQVzOwm91YMYaILjNp7L4Eaw5Z4sOYdbBz6koWyibppd8Zqw=="
    },
    "leaflet-geosearch": {
      "version": "3.5.0",
      "resolved": "https://registry.npmjs.org/leaflet-geosearch/-/leaflet-geosearch-3.5.0.tgz",
      "integrity": "sha512-Oj1xRIobj+pOxnHDAaQtOIw6efRNiLQcg3QUnbXtMIGUJ4pXDSUUJ9Z8EEd3CHQv8NULrn1cfsbH+Afer3uzjA==",
      "requires": {
        "leaflet": "^1.6.0"
      }
    },
    "react-icons": {
      "version": "4.2.0",
      "resolved": "https://registry.npmjs.org/react-icons/-/react-icons-4.2.0.tgz",
      "integrity": "sha512-rmzEDFt+AVXRzD7zDE21gcxyBizD/3NqjbX6cmViAgdqfJ2UiLer8927/QhhrXQV7dEj/1EGuOTPp7JnLYVJKQ=="
    },
    "react-leaflet": {
      "version": "3.2.1",
      "resolved": "https://registry.npmjs.org/react-leaflet/-/react-leaflet-3.2.1.tgz",
      "integrity": "sha512-3iS1fpOO+uaRpbuq68Euw9kgaoM9oIGBiDfeFtVb/C9PWBQvXdrv1n946Z8GrbQEhrT+hM9ND6NLLF9fGxTGRw==",
      "requires": {
        "@react-leaflet/core": "^1.1.0"
      }
    }
  }
}
